dependencies:
- name: kube-prometheus-stack
  repository: https://prometheus-community.github.io/helm-charts
  version: 87.16.1
- name: loki
  repository: https://grafana-community.github.io/helm-charts
  version: 6.6.0
- name: alloy
  repository: https://grafana.github.io/helm-charts
  version: 1.10.1
- name: prometheus-blackbox-exporter
  repository: https://prometheus-community.github.io/helm-charts
  version: 9.0.0
- name: prometheus-postgres-exporter
  repository: https://prometheus-community.github.io/helm-charts
  version: 7.0.0
digest: sha256:2e76742d3b98cec7e74e802907ef563f9741b2c7054e6ce02e504fb4ec126458
generated: "2026-07-18T11:23:49.119318192+05:30"
